<?xml version="1.0" encoding="utf-8"?>
<Project ToolsVersion="4.0" xmlns="http://schemas.microsoft.com/developer/msbuild/2003">
  <ItemGroup>
    <Filter Include="TheOtherSideMP">
      <UniqueIdentifier>{0da10752-ee18-40bc-850f-d90011a1a7a8}</UniqueIdentifier>
    </Filter>
    <Filter Include="TheOtherSideMP\Helpers">
      <UniqueIdentifier>{a4a2112c-d269-4422-b0fa-bcffc2771a4e}</UniqueIdentifier>
    </Filter>
    <Filter Include="TheOtherSideMP\Control_Old">
      <UniqueIdentifier>{fe3e36fb-7dfb-48d4-a4a9-e97a2b24a858}</UniqueIdentifier>
    </Filter>
    <Filter Include="TheOtherSideMP\Game">
      <UniqueIdentifier>{6a638ed2-5d3b-4d9e-9662-c6daf842ff8c}</UniqueIdentifier>
    </Filter>
    <Filter Include="TheOtherSideMP\Game\Modules">
      <UniqueIdentifier>{dcb9eed8-ab04-4777-b851-0c772b9fd469}</UniqueIdentifier>
    </Filter>
    <Filter Include="TheOtherSideMP\Game\Modules\Master">
      <UniqueIdentifier>{363aa5d2-2482-4d45-b798-025a2cbefdbf}</UniqueIdentifier>
    </Filter>
    <Filter Include="TheOtherSideMP\Game\Modules\Abilities">
      <UniqueIdentifier>{5296425c-fe99-465e-bbeb-c3689f5f81d8}</UniqueIdentifier>
    </Filter>
    <Filter Include="TheOtherSideMP\Game\Modules\EntitySpawn">
      <UniqueIdentifier>{4dbf98cb-5bcc-44bd-a90a-53515600b9be}</UniqueIdentifier>
    </Filter>
    <Filter Include="TheOtherSideMP\HUD">
      <UniqueIdentifier>{8796b1bf-5bdf-49c1-91bc-f0959f038ad0}</UniqueIdentifier>
    </Filter>
    <Filter Include="TheOtherSideMP\Extensions">
      <UniqueIdentifier>{83e9fd62-7e52-4fe9-af82-99a15a584bba}</UniqueIdentifier>
    </Filter>
    <Filter Include="TheOtherSideMP\Nodes">
      <UniqueIdentifier>{88c01848-c065-43da-a29d-5a4aa136ed7f}</UniqueIdentifier>
    </Filter>
    <Filter Include="TheOtherSideMP\Utilities">
      <UniqueIdentifier>{50de5404-39d9-4768-ba3b-7778fd68030d}</UniqueIdentifier>
    </Filter>
    <Filter Include="TheOtherSideMP\Game\Modules\Zeus">
      <UniqueIdentifier>{186141cc-3590-466d-9314-5b53dabd664a}</UniqueIdentifier>
    </Filter>
    <Filter Include="TheOtherSideMP\Game\ScriptBinds">
      <UniqueIdentifier>{d483f571-7c28-4a1a-987e-8b4204f1cba4}</UniqueIdentifier>
    </Filter>
    <Filter Include="CryMP">
      <UniqueIdentifier>{f82733c7-b9b8-4c91-8333-248852e18c4f}</UniqueIdentifier>
    </Filter>
    <Filter Include="CryMP\Library">
      <UniqueIdentifier>{a3b60681-ac3d-48bc-8917-333629f19a38}</UniqueIdentifier>
    </Filter>
    <Filter Include="GameDLL">
      <UniqueIdentifier>{c0059e02-d968-4deb-9a05-142211fa6f58}</UniqueIdentifier>
    </Filter>
    <Filter Include="GameDLL\Actor Files">
      <UniqueIdentifier>{0bfab771-a486-4204-94f0-4ffc5095b4ca}</UniqueIdentifier>
    </Filter>
    <Filter Include="GameDLL\Actor Files\player">
      <UniqueIdentifier>{1b091301-1b2f-4aae-bddf-fc888adbdeaf}</UniqueIdentifier>
    </Filter>
    <Filter Include="GameDLL\Actor Files\aliens">
      <UniqueIdentifier>{1578413d-4d92-42cf-8a05-130cd00092c7}</UniqueIdentifier>
    </Filter>
    <Filter Include="GameDLL\Actor Files\grab">
      <UniqueIdentifier>{2d293e60-1088-45d6-9949-1f2c04c89a82}</UniqueIdentifier>
    </Filter>
    <Filter Include="GameDLL\Expansion">
      <UniqueIdentifier>{8c3848d0-82d4-40a3-9e44-30bcccba3c05}</UniqueIdentifier>
    </Filter>
    <Filter Include="GameDLL\Expansion\Weapons">
      <UniqueIdentifier>{0712f8a5-59d7-4c6d-95c2-22b44333edcf}</UniqueIdentifier>
    </Filter>
    <Filter Include="GameDLL\Flash">
      <UniqueIdentifier>{e333b71a-dced-49c9-8730-287fd1ed05ee}</UniqueIdentifier>
    </Filter>
    <Filter Include="GameDLL\Game Files">
      <UniqueIdentifier>{e3d1aca9-7538-4f39-8cda-9aaa6d0143fd}</UniqueIdentifier>
    </Filter>
    <Filter Include="GameDLL\Game Files\Environment">
      <UniqueIdentifier>{dbab6002-d48c-4d1c-8579-0259d43f4207}</UniqueIdentifier>
    </Filter>
    <Filter Include="GameDLL\Game Files\Environment\Tornado">
      <UniqueIdentifier>{cb70f6dc-76f9-4bec-9976-ec7d730f8927}</UniqueIdentifier>
    </Filter>
    <Filter Include="GameDLL\GameRules">
      <UniqueIdentifier>{912629c2-da97-4033-998b-f444d0536aab}</UniqueIdentifier>
    </Filter>
    <Filter Include="GameDLL\HUD">
      <UniqueIdentifier>{acac7706-1650-4767-8de7-ac75b39868cb}</UniqueIdentifier>
    </Filter>
    <Filter Include="GameDLL\HUD\Tweaks">
      <UniqueIdentifier>{e1165ff3-40b9-44ba-a7d5-0fb2505965eb}</UniqueIdentifier>
    </Filter>
    <Filter Include="GameDLL\HUD\Main">
      <UniqueIdentifier>{66f40029-7021-4da3-916f-46346903442b}</UniqueIdentifier>
    </Filter>
    <Filter Include="GameDLL\Item Files">
      <UniqueIdentifier>{a8e2e925-0d07-414a-a677-d2d27cd032f3}</UniqueIdentifier>
    </Filter>
    <Filter Include="GameDLL\Item Files\Weapon Files">
      <UniqueIdentifier>{86d91ab9-084f-4456-b3f5-b664e344944e}</UniqueIdentifier>
    </Filter>
    <Filter Include="GameDLL\Item Files\Weapon Files\Fire Modes">
      <UniqueIdentifier>{836933d0-6a92-4b6d-a7f1-daf3d2d1ca96}</UniqueIdentifier>
    </Filter>
    <Filter Include="GameDLL\Item Files\Weapon Files\Projectiles">
      <UniqueIdentifier>{88760707-e28b-4b18-8db5-f59169fb46de}</UniqueIdentifier>
    </Filter>
    <Filter Include="GameDLL\Item Files\Weapon Files\Zoom Modes">
      <UniqueIdentifier>{d9c7ac72-2325-4241-b964-cd53b4323843}</UniqueIdentifier>
    </Filter>
    <Filter Include="GameDLL\Item Files\Weapon Files\Weapons">
      <UniqueIdentifier>{c54d54ef-7564-42fc-b9f8-f6c0dd9f0ee9}</UniqueIdentifier>
    </Filter>
    <Filter Include="GameDLL\Item Files\Items">
      <UniqueIdentifier>{83eae30d-ecb1-4e66-9be8-bff2d9242e4f}</UniqueIdentifier>
    </Filter>
    <Filter Include="GameDLL\LCD">
      <UniqueIdentifier>{f82992bb-4ef3-4e95-b118-c8c976e69291}</UniqueIdentifier>
    </Filter>
    <Filter Include="GameDLL\LCD\Pages">
      <UniqueIdentifier>{6d444b48-3282-4fa9-ab18-cde7910cbfa4}</UniqueIdentifier>
    </Filter>
    <Filter Include="GameDLL\Menus">
      <UniqueIdentifier>{2fc060d6-bf8f-4c6c-afac-466ce6b69b06}</UniqueIdentifier>
    </Filter>
    <Filter Include="GameDLL\Resources">
      <UniqueIdentifier>{c0df79d2-1593-4621-a048-2d91564f03b2}</UniqueIdentifier>
    </Filter>
    <Filter Include="GameDLL\Resources\G15">
      <UniqueIdentifier>{e2800455-9428-4095-a281-bae0acdaca91}</UniqueIdentifier>
    </Filter>
    <Filter Include="GameDLL\Resources\G15\Grenades">
      <UniqueIdentifier>{64fb0f6c-57ed-48b2-9070-8151709f9e4d}</UniqueIdentifier>
    </Filter>
    <Filter Include="GameDLL\Resources\G15\Items">
      <UniqueIdentifier>{2223ae9a-f546-4505-b5e5-541726fa6e73}</UniqueIdentifier>
    </Filter>
    <Filter Include="GameDLL\Resources\G15\Suit">
      <UniqueIdentifier>{b6e529ff-af2f-4e63-a53b-827563ed1d5e}</UniqueIdentifier>
    </Filter>
    <Filter Include="GameDLL\Resources\G15\Vehicles">
      <UniqueIdentifier>{198126f7-eff0-43ea-b595-102d77a4f3c2}</UniqueIdentifier>
    </Filter>
    <Filter Include="GameDLL\Utility">
      <UniqueIdentifier>{1092a613-06f9-47ba-aa79-a2b90273eb68}</UniqueIdentifier>
    </Filter>
    <Filter Include="GameDLL\Vehicle Files">
      <UniqueIdentifier>{df631858-d30a-414a-85fb-8dd78719671d}</UniqueIdentifier>
    </Filter>
    <Filter Include="GameDLL\Vehicle Files\Movement Files">
      <UniqueIdentifier>{4e1f0c8a-c1a0-47f5-82cb-8f53d08f2060}</UniqueIdentifier>
    </Filter>
    <Filter Include="GameDLL\Vehicle Files\Damage Files">
      <UniqueIdentifier>{b2c95251-88b6-45ef-9a53-20f1507b32ad}</UniqueIdentifier>
    </Filter>
    <Filter Include="GameDLL\Vehicle Files\Action Files">
      <UniqueIdentifier>{b2148ea6-99da-47c1-b8b2-8a390413f15d}</UniqueIdentifier>
    </Filter>
    <Filter Include="GameDLL\Nodes">
      <UniqueIdentifier>{8d02e22d-2884-4ec5-ba5b-d32584e7b487}</UniqueIdentifier>
    </Filter>
    <Filter Include="FGPS">
      <UniqueIdentifier>{a6f80983-a3b3-4d1b-904c-fa688b56d13f}</UniqueIdentifier>
    </Filter>
    <Filter Include="TheOtherSideMP\Actors">
      <UniqueIdentifier>{9c15a8d5-e10f-4dce-9b4d-835c97230a4f}</UniqueIdentifier>
    </Filter>
    <Filter Include="TheOtherSideMP\Actors\aliens">
      <UniqueIdentifier>{584b3523-2624-471a-a304-0e6d5abcf77f}</UniqueIdentifier>
    </Filter>
    <Filter Include="TheOtherSideMP\Actors\player">
      <UniqueIdentifier>{80f2a524-f64c-4877-b6d4-c9976bff1110}</UniqueIdentifier>
    </Filter>
    <Filter Include="TheOtherSideMP\Game\Events">
      <UniqueIdentifier>{9e7a312b-859a-4358-87db-a93bc062b983}</UniqueIdentifier>
    </Filter>
    <Filter Include="Coop">
      <UniqueIdentifier>{1adcb0f3-7909-4da9-addb-90a20bb63031}</UniqueIdentifier>
    </Filter>
    <Filter Include="Coop\DialogSystem">
      <UniqueIdentifier>{07e495ec-41b0-4aa6-8667-637b26847713}</UniqueIdentifier>
    </Filter>
    <Filter Include="Coop\Entities">
      <UniqueIdentifier>{50056388-43cf-4cf1-8deb-2f6bbe4de1b3}</UniqueIdentifier>
    </Filter>
    <Filter Include="Coop\Nodes">
      <UniqueIdentifier>{f3a5980f-e660-42d3-a305-c6de5bfb061b}</UniqueIdentifier>
    </Filter>
    <Filter Include="Coop\Sound">
      <UniqueIdentifier>{96307de6-8314-4a7a-afcb-f155554d2563}</UniqueIdentifier>
    </Filter>
    <Filter Include="Coop\Utilities">
      <UniqueIdentifier>{ce5c2e14-1e56-4a3b-8f9b-459cfb8960e4}</UniqueIdentifier>
    </Filter>
    <Filter Include="TheOtherSideMP\Actors\animation">
      <UniqueIdentifier>{34136f8a-189a-4079-848f-600d57256d28}</UniqueIdentifier>
    </Filter>
  </ItemGroup>
  <ItemGroup>
    <ClCompile Include="Actor.cpp">
      <Filter>GameDLL\Actor Files</Filter>
    </ClCompile>
    <ClCompile Include="ScreenEffects.cpp">
      <Filter>GameDLL\Actor Files</Filter>
    </ClCompile>
    <ClCompile Include="ScriptBind_Actor.cpp">
      <Filter>GameDLL\Actor Files</Filter>
    </ClCompile>
    <ClCompile Include="Shark.cpp">
      <Filter>GameDLL\Actor Files</Filter>
    </ClCompile>
    <ClCompile Include="SharkMovementController.cpp">
      <Filter>GameDLL\Actor Files</Filter>
    </ClCompile>
    <ClCompile Include="NanoSuit.cpp">
      <Filter>GameDLL\Actor Files\player</Filter>
    </ClCompile>
    <ClCompile Include="NetPlayerInput.cpp">
      <Filter>GameDLL\Actor Files\player</Filter>
    </ClCompile>
    <ClCompile Include="Player.cpp">
      <Filter>GameDLL\Actor Files\player</Filter>
    </ClCompile>
    <ClCompile Include="PlayerInput.cpp">
      <Filter>GameDLL\Actor Files\player</Filter>
    </ClCompile>
    <ClCompile Include="PlayerMovement.cpp">
      <Filter>GameDLL\Actor Files\player</Filter>
    </ClCompile>
    <ClCompile Include="PlayerMovementController.cpp">
      <Filter>GameDLL\Actor Files\player</Filter>
    </ClCompile>
    <ClCompile Include="PlayerRotation.cpp">
      <Filter>GameDLL\Actor Files\player</Filter>
    </ClCompile>
    <ClCompile Include="PlayerView.cpp">
      <Filter>GameDLL\Actor Files\player</Filter>
    </ClCompile>
    <ClCompile Include="WeaponAttachmentManager.cpp">
      <Filter>GameDLL\Actor Files\player</Filter>
    </ClCompile>
    <ClCompile Include="Alien.cpp">
      <Filter>GameDLL\Actor Files\aliens</Filter>
    </ClCompile>
    <ClCompile Include="CompatibilityAlienMovementController.cpp">
      <Filter>GameDLL\Actor Files\aliens</Filter>
    </ClCompile>
    <ClCompile Include="Hunter.cpp">
      <Filter>GameDLL\Actor Files\aliens</Filter>
    </ClCompile>
    <ClCompile Include="Observer.cpp">
      <Filter>GameDLL\Actor Files\aliens</Filter>
    </ClCompile>
    <ClCompile Include="Scout.cpp">
      <Filter>GameDLL\Actor Files\aliens</Filter>
    </ClCompile>
    <ClCompile Include="Trooper.cpp">
      <Filter>GameDLL\Actor Files\aliens</Filter>
    </ClCompile>
    <ClCompile Include="GrabHandler.cpp">
      <Filter>GameDLL\Actor Files\grab</Filter>
    </ClCompile>
    <ClCompile Include="BulletTime.cpp">
      <Filter>GameDLL\Game Files</Filter>
    </ClCompile>
    <ClCompile Include="ClientSynchedStorage.cpp">
      <Filter>GameDLL\Game Files</Filter>
    </ClCompile>
    <ClCompile Include="DownloadTask.cpp">
      <Filter>GameDLL\Game Files</Filter>
    </ClCompile>
    <ClCompile Include="Game.cpp">
      <Filter>GameDLL\Game Files</Filter>
    </ClCompile>
    <ClCompile Include="GameActions.cpp">
      <Filter>GameDLL\Game Files</Filter>
    </ClCompile>
    <ClCompile Include="GameCVars.cpp">
      <Filter>GameDLL\Game Files</Filter>
    </ClCompile>
    <ClCompile Include="GameDll.cpp">
      <Filter>GameDLL\Game Files</Filter>
    </ClCompile>
    <ClCompile Include="GameFactory.cpp">
      <Filter>GameDLL\Game Files</Filter>
    </ClCompile>
    <ClCompile Include="MPTutorial.cpp">
      <Filter>GameDLL\Game Files</Filter>
    </ClCompile>
    <ClCompile Include="Radio.cpp">
      <Filter>GameDLL\Game Files</Filter>
    </ClCompile>
    <ClCompile Include="ScriptBind_Game.cpp">
      <Filter>GameDLL\Game Files</Filter>
    </ClCompile>
    <ClCompile Include="ScriptControlledPhysics.cpp">
      <Filter>GameDLL\Game Files</Filter>
    </ClCompile>
    <ClCompile Include="ServerSynchedStorage.cpp">
      <Filter>GameDLL\Game Files</Filter>
    </ClCompile>
    <ClCompile Include="SoundMoods.cpp">
      <Filter>GameDLL\Game Files</Filter>
    </ClCompile>
    <ClCompile Include="SPAnalyst.cpp">
      <Filter>GameDLL\Game Files</Filter>
    </ClCompile>
    <ClCompile Include="SynchedStorage.cpp">
      <Filter>GameDLL\Game Files</Filter>
    </ClCompile>
    <ClCompile Include="Voting.cpp">
      <Filter>GameDLL\Game Files</Filter>
    </ClCompile>
    <ClCompile Include="Environment\BattleDust.cpp">
      <Filter>GameDLL\Game Files\Environment</Filter>
    </ClCompile>
    <ClCompile Include="Environment\Shake.cpp">
      <Filter>GameDLL\Game Files\Environment</Filter>
    </ClCompile>
    <ClCompile Include="Environment\FlowTornado.cpp">
      <Filter>GameDLL\Game Files\Environment\Tornado</Filter>
    </ClCompile>
    <ClCompile Include="Environment\Tornado.cpp">
      <Filter>GameDLL\Game Files\Environment\Tornado</Filter>
    </ClCompile>
    <ClCompile Include="VehicleClient.cpp">
      <Filter>GameDLL\Vehicle Files</Filter>
    </ClCompile>
    <ClCompile Include="VehicleMovementTweaks.cpp">
      <Filter>GameDLL\Vehicle Files</Filter>
    </ClCompile>
    <ClCompile Include="VehicleMovementAmphibious.cpp">
      <Filter>GameDLL\Vehicle Files\Movement Files</Filter>
    </ClCompile>
    <ClCompile Include="VehicleMovementBase.cpp">
      <Filter>GameDLL\Vehicle Files\Movement Files</Filter>
    </ClCompile>
    <ClCompile Include="VehicleMovementHelicopter.cpp">
      <Filter>GameDLL\Vehicle Files\Movement Files</Filter>
    </ClCompile>
    <ClCompile Include="VehicleMovementHovercraft.cpp">
      <Filter>GameDLL\Vehicle Files\Movement Files</Filter>
    </ClCompile>
    <ClCompile Include="VehicleMovementStdBoat.cpp">
      <Filter>GameDLL\Vehicle Files\Movement Files</Filter>
    </ClCompile>
    <ClCompile Include="VehicleMovementStdWheeled.cpp">
      <Filter>GameDLL\Vehicle Files\Movement Files</Filter>
    </ClCompile>
    <ClCompile Include="VehicleMovementTank.cpp">
      <Filter>GameDLL\Vehicle Files\Movement Files</Filter>
    </ClCompile>
    <ClCompile Include="VehicleMovementVTOL.cpp">
      <Filter>GameDLL\Vehicle Files\Movement Files</Filter>
    </ClCompile>
    <ClCompile Include="VehicleMovementWarrior.cpp">
      <Filter>GameDLL\Vehicle Files\Movement Files</Filter>
    </ClCompile>
    <ClCompile Include="VehicleDamageBehaviorBurn.cpp">
      <Filter>GameDLL\Vehicle Files\Damage Files</Filter>
    </ClCompile>
    <ClCompile Include="VehicleDamageBehaviorCameraShake.cpp">
      <Filter>GameDLL\Vehicle Files\Damage Files</Filter>
    </ClCompile>
    <ClCompile Include="VehicleDamageBehaviorCollisionEx.cpp">
      <Filter>GameDLL\Vehicle Files\Damage Files</Filter>
    </ClCompile>
    <ClCompile Include="VehicleDamageBehaviorExplosion.cpp">
      <Filter>GameDLL\Vehicle Files\Damage Files</Filter>
    </ClCompile>
    <ClCompile Include="VehicleDamageBehaviorTire.cpp">
      <Filter>GameDLL\Vehicle Files\Damage Files</Filter>
    </ClCompile>
    <ClCompile Include="VehicleActionAutomaticDoor.cpp">
      <Filter>GameDLL\Vehicle Files\Action Files</Filter>
    </ClCompile>
    <ClCompile Include="VehicleActionDeployRope.cpp">
      <Filter>GameDLL\Vehicle Files\Action Files</Filter>
    </ClCompile>
    <ClCompile Include="VehicleActionEntityAttachment.cpp">
      <Filter>GameDLL\Vehicle Files\Action Files</Filter>
    </ClCompile>
    <ClCompile Include="VehicleActionLandingGears.cpp">
      <Filter>GameDLL\Vehicle Files\Action Files</Filter>
    </ClCompile>
    <ClCompile Include="FlowItemAnimation.cpp">
      <Filter>GameDLL\Item Files</Filter>
    </ClCompile>
    <ClCompile Include="Item.cpp">
      <Filter>GameDLL\Item Files</Filter>
    </ClCompile>
    <ClCompile Include="ItemAccessory.cpp">
      <Filter>GameDLL\Item Files</Filter>
    </ClCompile>
    <ClCompile Include="ItemClientServer.cpp">
      <Filter>GameDLL\Item Files</Filter>
    </ClCompile>
    <ClCompile Include="ItemDualWield.cpp">
      <Filter>GameDLL\Item Files</Filter>
    </ClCompile>
    <ClCompile Include="ItemEffect.cpp">
      <Filter>GameDLL\Item Files</Filter>
    </ClCompile>
    <ClCompile Include="ItemEvents.cpp">
      <Filter>GameDLL\Item Files</Filter>
    </ClCompile>
    <ClCompile Include="ItemParams.cpp">
      <Filter>GameDLL\Item Files</Filter>
    </ClCompile>
    <ClCompile Include="ItemResource.cpp">
      <Filter>GameDLL\Item Files</Filter>
    </ClCompile>
    <ClCompile Include="ItemScheduler.cpp">
      <Filter>GameDLL\Item Files</Filter>
    </ClCompile>
    <ClCompile Include="ItemSharedParams.cpp">
      <Filter>GameDLL\Item Files</Filter>
    </ClCompile>
    <ClCompile Include="ItemView.cpp">
      <Filter>GameDLL\Item Files</Filter>
    </ClCompile>
    <ClCompile Include="ScriptBind_Item.cpp">
      <Filter>GameDLL\Item Files</Filter>
    </ClCompile>
    <ClCompile Include="AmmoParams.cpp">
      <Filter>GameDLL\Item Files\Weapon Files</Filter>
    </ClCompile>
    <ClCompile Include="Projectile.cpp">
      <Filter>GameDLL\Item Files\Weapon Files</Filter>
    </ClCompile>
    <ClCompile Include="ScriptBind_Weapon.cpp">
      <Filter>GameDLL\Item Files\Weapon Files</Filter>
    </ClCompile>
    <ClCompile Include="TracerManager.cpp">
      <Filter>GameDLL\Item Files\Weapon Files</Filter>
    </ClCompile>
    <ClCompile Include="Weapon.cpp">
      <Filter>GameDLL\Item Files\Weapon Files</Filter>
    </ClCompile>
    <ClCompile Include="WeaponClientServer.cpp">
      <Filter>GameDLL\Item Files\Weapon Files</Filter>
    </ClCompile>
    <ClCompile Include="WeaponEvent.cpp">
      <Filter>GameDLL\Item Files\Weapon Files</Filter>
    </ClCompile>
    <ClCompile Include="WeaponInput.cpp">
      <Filter>GameDLL\Item Files\Weapon Files</Filter>
    </ClCompile>
    <ClCompile Include="WeaponSystem.cpp">
      <Filter>GameDLL\Item Files\Weapon Files</Filter>
    </ClCompile>
    <ClCompile Include="Automatic.cpp">
      <Filter>GameDLL\Item Files\Weapon Files\Fire Modes</Filter>
    </ClCompile>
    <ClCompile Include="Beam.cpp">
      <Filter>GameDLL\Item Files\Weapon Files\Fire Modes</Filter>
    </ClCompile>
    <ClCompile Include="Burst.cpp">
      <Filter>GameDLL\Item Files\Weapon Files\Fire Modes</Filter>
    </ClCompile>
    <ClCompile Include="Charge.cpp">
      <Filter>GameDLL\Item Files\Weapon Files\Fire Modes</Filter>
    </ClCompile>
    <ClCompile Include="Detonate.cpp">
      <Filter>GameDLL\Item Files\Weapon Files\Fire Modes</Filter>
    </ClCompile>
    <ClCompile Include="FreezingBeam.cpp">
      <Filter>GameDLL\Item Files\Weapon Files\Fire Modes</Filter>
    </ClCompile>
    <ClCompile Include="Melee.cpp">
      <Filter>GameDLL\Item Files\Weapon Files\Fire Modes</Filter>
    </ClCompile>
    <ClCompile Include="Plant.cpp">
      <Filter>GameDLL\Item Files\Weapon Files\Fire Modes</Filter>
    </ClCompile>
    <ClCompile Include="Rapid.cpp">
      <Filter>GameDLL\Item Files\Weapon Files\Fire Modes</Filter>
    </ClCompile>
    <ClCompile Include="Scan.cpp">
      <Filter>GameDLL\Item Files\Weapon Files\Fire Modes</Filter>
    </ClCompile>
    <ClCompile Include="Shotgun.cpp">
      <Filter>GameDLL\Item Files\Weapon Files\Fire Modes</Filter>
    </ClCompile>
    <ClCompile Include="Single.cpp">
      <Filter>GameDLL\Item Files\Weapon Files\Fire Modes</Filter>
    </ClCompile>
    <ClCompile Include="SingleTG.cpp">
      <Filter>GameDLL\Item Files\Weapon Files\Fire Modes</Filter>
    </ClCompile>
    <ClCompile Include="Throw.cpp">
      <Filter>GameDLL\Item Files\Weapon Files\Fire Modes</Filter>
    </ClCompile>
    <ClCompile Include="WorkOnTarget.cpp">
      <Filter>GameDLL\Item Files\Weapon Files\Fire Modes</Filter>
    </ClCompile>
    <ClCompile Include="AVMine.cpp">
      <Filter>GameDLL\Item Files\Weapon Files\Projectiles</Filter>
    </ClCompile>
    <ClCompile Include="Bullet.cpp">
      <Filter>GameDLL\Item Files\Weapon Files\Projectiles</Filter>
    </ClCompile>
    <ClCompile Include="C4Projectile.cpp">
      <Filter>GameDLL\Item Files\Weapon Files\Projectiles</Filter>
    </ClCompile>
    <ClCompile Include="Claymore.cpp">
      <Filter>GameDLL\Item Files\Weapon Files\Projectiles</Filter>
    </ClCompile>
    <ClCompile Include="EMPField.cpp">
      <Filter>GameDLL\Item Files\Weapon Files\Projectiles</Filter>
    </ClCompile>
    <ClCompile Include="HomingMissile.cpp">
      <Filter>GameDLL\Item Files\Weapon Files\Projectiles</Filter>
    </ClCompile>
    <ClCompile Include="Rock.cpp">
      <Filter>GameDLL\Item Files\Weapon Files\Projectiles</Filter>
    </ClCompile>
    <ClCompile Include="Rocket.cpp">
      <Filter>GameDLL\Item Files\Weapon Files\Projectiles</Filter>
    </ClCompile>
    <ClCompile Include="TacBullet.cpp">
      <Filter>GameDLL\Item Files\Weapon Files\Projectiles</Filter>
    </ClCompile>
    <ClCompile Include="TagBullet.cpp">
      <Filter>GameDLL\Item Files\Weapon Files\Projectiles</Filter>
    </ClCompile>
    <ClCompile Include="IronSight.cpp">
      <Filter>GameDLL\Item Files\Weapon Files\Zoom Modes</Filter>
    </ClCompile>
    <ClCompile Include="Scope.cpp">
      <Filter>GameDLL\Item Files\Weapon Files\Zoom Modes</Filter>
    </ClCompile>
    <ClCompile Include="AmmoPickup.cpp">
      <Filter>GameDLL\Item Files\Weapon Files\Weapons</Filter>
    </ClCompile>
    <ClCompile Include="Binocular.cpp">
      <Filter>GameDLL\Item Files\Weapon Files\Weapons</Filter>
    </ClCompile>
    <ClCompile Include="C4.cpp">
      <Filter>GameDLL\Item Files\Weapon Files\Weapons</Filter>
    </ClCompile>
    <ClCompile Include="C4Detonator.cpp">
      <Filter>GameDLL\Item Files\Weapon Files\Weapons</Filter>
    </ClCompile>
    <ClCompile Include="DebugGun.cpp">
      <Filter>GameDLL\Item Files\Weapon Files\Weapons</Filter>
    </ClCompile>
    <ClCompile Include="Fists.cpp">
      <Filter>GameDLL\Item Files\Weapon Files\Weapons</Filter>
    </ClCompile>
    <ClCompile Include="GunTurret.cpp">
      <Filter>GameDLL\Item Files\Weapon Files\Weapons</Filter>
    </ClCompile>
    <ClCompile Include="OffHand.cpp">
      <Filter>GameDLL\Item Files\Weapon Files\Weapons</Filter>
    </ClCompile>
    <ClCompile Include="ReferenceWeapon.cpp">
      <Filter>GameDLL\Item Files\Weapon Files\Weapons</Filter>
    </ClCompile>
    <ClCompile Include="RocketLauncher.cpp">
      <Filter>GameDLL\Item Files\Weapon Files\Weapons</Filter>
    </ClCompile>
    <ClCompile Include="TacLauncher.cpp">
      <Filter>GameDLL\Item Files\Weapon Files\Weapons</Filter>
    </ClCompile>
    <ClCompile Include="ThrowableWeapon.cpp">
      <Filter>GameDLL\Item Files\Weapon Files\Weapons</Filter>
    </ClCompile>
    <ClCompile Include="VehicleWeapon.cpp">
      <Filter>GameDLL\Item Files\Weapon Files\Weapons</Filter>
    </ClCompile>
    <ClCompile Include="Lam.cpp">
      <Filter>GameDLL\Item Files\Items</Filter>
    </ClCompile>
    <ClCompile Include="PlayerFeature.cpp">
      <Filter>GameDLL\Item Files\Items</Filter>
    </ClCompile>
    <ClCompile Include="LaptopUtil.cpp">
      <Filter>GameDLL\Utility</Filter>
    </ClCompile>
    <ClCompile Include="NetInputChainDebug.cpp">
      <Filter>GameDLL\Utility</Filter>
    </ClCompile>
    <ClCompile Include="ScriptUtils.cpp">
      <Filter>GameDLL\Utility</Filter>
    </ClCompile>
    <ClCompile Include="Hud\GameFlashAnimation.cpp">
      <Filter>GameDLL\HUD</Filter>
    </ClCompile>
    <ClCompile Include="HUD\GameFlashLogic.cpp">
      <Filter>GameDLL\HUD</Filter>
    </ClCompile>
    <ClCompile Include="Hud\HUD.cpp">
      <Filter>GameDLL\HUD</Filter>
    </ClCompile>
    <ClCompile Include="HUD\HUDCommon.cpp">
      <Filter>GameDLL\HUD</Filter>
    </ClCompile>
    <ClCompile Include="HUD\HUDCrosshair.cpp">
      <Filter>GameDLL\HUD</Filter>
    </ClCompile>
    <ClCompile Include="HUD\HUDInstantAction.cpp">
      <Filter>GameDLL\HUD</Filter>
    </ClCompile>
    <ClCompile Include="HUD\HUDMissionObjectiveSystem.cpp">
      <Filter>GameDLL\HUD</Filter>
    </ClCompile>
    <ClCompile Include="HUD\HUDObituary.cpp">
      <Filter>GameDLL\HUD</Filter>
    </ClCompile>
    <ClCompile Include="Hud\HUDObject.cpp">
      <Filter>GameDLL\HUD</Filter>
    </ClCompile>
    <ClCompile Include="HUD\HUDPowerStruggle.cpp">
      <Filter>GameDLL\HUD</Filter>
    </ClCompile>
    <ClCompile Include="Hud\HUDRadar.cpp">
      <Filter>GameDLL\HUD</Filter>
    </ClCompile>
    <ClCompile Include="HUD\HUDScopes.cpp">
      <Filter>GameDLL\HUD</Filter>
    </ClCompile>
    <ClCompile Include="HUD\HUDScore.cpp">
      <Filter>GameDLL\HUD</Filter>
    </ClCompile>
    <ClCompile Include="HUD\HUDSilhouettes.cpp">
      <Filter>GameDLL\HUD</Filter>
    </ClCompile>
    <ClCompile Include="HUD\HUDTagNames.cpp">
      <Filter>GameDLL\HUD</Filter>
    </ClCompile>
    <ClCompile Include="HUD\HUDTeamInstantAction.cpp">
      <Filter>GameDLL\HUD</Filter>
    </ClCompile>
    <ClCompile Include="HUD\HUDTextArea.cpp">
      <Filter>GameDLL\HUD</Filter>
    </ClCompile>
    <ClCompile Include="HUD\HUDTextChat.cpp">
      <Filter>GameDLL\HUD</Filter>
    </ClCompile>
    <ClCompile Include="HUD\HUDVehicleInterface.cpp">
      <Filter>GameDLL\HUD</Filter>
    </ClCompile>
    <ClCompile Include="HUD\ScriptBind_HUD.cpp">
      <Filter>GameDLL\HUD</Filter>
    </ClCompile>
    <ClCompile Include="HUD\Tweaks\HUDTweakMenu.cpp">
      <Filter>GameDLL\HUD\Tweaks</Filter>
    </ClCompile>
    <ClCompile Include="HUD\Tweaks\TweakCommon.cpp">
      <Filter>GameDLL\HUD\Tweaks</Filter>
    </ClCompile>
    <ClCompile Include="HUD\Tweaks\TweakMenu.cpp">
      <Filter>GameDLL\HUD\Tweaks</Filter>
    </ClCompile>
    <ClCompile Include="HUD\Tweaks\TweakMetadata.cpp">
      <Filter>GameDLL\HUD\Tweaks</Filter>
    </ClCompile>
    <ClCompile Include="HUD\Tweaks\TweakMetadataCVAR.cpp">
      <Filter>GameDLL\HUD\Tweaks</Filter>
    </ClCompile>
    <ClCompile Include="HUD\Tweaks\TweakMetadataLUA.cpp">
      <Filter>GameDLL\HUD\Tweaks</Filter>
    </ClCompile>
    <ClCompile Include="HUD\Tweaks\TweakTraverser.cpp">
      <Filter>GameDLL\HUD\Tweaks</Filter>
    </ClCompile>
    <ClCompile Include="HUD\HUDAirStrike.cpp">
      <Filter>GameDLL\HUD\Main</Filter>
    </ClCompile>
    <ClCompile Include="HUD\HUDInterfaceEffects.cpp">
      <Filter>GameDLL\HUD\Main</Filter>
    </ClCompile>
    <ClCompile Include="HUD\HUDPDA.cpp">
      <Filter>GameDLL\HUD\Main</Filter>
    </ClCompile>
    <ClCompile Include="HUD\HUDSoundImpl.cpp">
      <Filter>GameDLL\HUD\Main</Filter>
    </ClCompile>
    <ClCompile Include="HUD\HUDTextEvents.cpp">
      <Filter>GameDLL\HUD\Main</Filter>
    </ClCompile>
    <ClCompile Include="HUD\HUDWeaponAccessories.cpp">
      <Filter>GameDLL\HUD\Main</Filter>
    </ClCompile>
    <ClCompile Include="GameRules.cpp">
      <Filter>GameDLL\GameRules</Filter>
    </ClCompile>
    <ClCompile Include="GameRulesClientServer.cpp">
      <Filter>GameDLL\GameRules</Filter>
    </ClCompile>
    <ClCompile Include="ScriptBind_GameRules.cpp">
      <Filter>GameDLL\GameRules</Filter>
    </ClCompile>
    <ClCompile Include="ShotValidator.cpp">
      <Filter>GameDLL\GameRules</Filter>
    </ClCompile>
    <ClCompile Include="Nodes\FlowActorSensor.cpp">
      <Filter>GameDLL\Nodes</Filter>
    </ClCompile>
    <ClCompile Include="Nodes\FlowFadeNode.cpp">
      <Filter>GameDLL\Nodes</Filter>
    </ClCompile>
    <ClCompile Include="Nodes\FlowHitInfoNode.cpp">
      <Filter>GameDLL\Nodes</Filter>
    </ClCompile>
    <ClCompile Include="Nodes\FlowNanoSuitNodes.cpp">
      <Filter>GameDLL\Nodes</Filter>
    </ClCompile>
    <ClCompile Include="Nodes\FlowPlayerStagingNode.cpp">
      <Filter>GameDLL\Nodes</Filter>
    </ClCompile>
    <ClCompile Include="Nodes\FlowPostFXNodes.cpp">
      <Filter>GameDLL\Nodes</Filter>
    </ClCompile>
    <ClCompile Include="FlowVehicleNodes.cpp">
      <Filter>GameDLL\Nodes</Filter>
    </ClCompile>
    <ClCompile Include="Nodes\HUDNodes.cpp">
      <Filter>GameDLL\Nodes</Filter>
    </ClCompile>
    <ClCompile Include="Nodes\MPNodes.cpp">
      <Filter>GameDLL\Nodes</Filter>
    </ClCompile>
    <ClCompile Include="Nodes\WeaponNodes.cpp">
      <Filter>GameDLL\Nodes</Filter>
    </ClCompile>
    <ClCompile Include="Menus\CreateGame.cpp">
      <Filter>GameDLL\Menus</Filter>
    </ClCompile>
    <ClCompile Include="Menus\FlashMenuObject.cpp">
      <Filter>GameDLL\Menus</Filter>
    </ClCompile>
    <ClCompile Include="Menus\FlashMenuObjectOptions.cpp">
      <Filter>GameDLL\Menus</Filter>
    </ClCompile>
    <ClCompile Include="Menus\FlashMenuObjectProfiles.cpp">
      <Filter>GameDLL\Menus</Filter>
    </ClCompile>
    <ClCompile Include="Menus\FlashMenuObjectSingleplayer.cpp">
      <Filter>GameDLL\Menus</Filter>
    </ClCompile>
    <ClCompile Include="Menus\FlashMenuScreen.cpp">
      <Filter>GameDLL\Menus</Filter>
    </ClCompile>
    <ClCompile Include="Menus\GameNetworkProfile.cpp">
      <Filter>GameDLL\Menus</Filter>
    </ClCompile>
    <ClCompile Include="Menus\MovieManager.cpp">
      <Filter>GameDLL\Menus</Filter>
    </ClCompile>
    <ClCompile Include="Menus\MPHub.cpp">
      <Filter>GameDLL\Menus</Filter>
    </ClCompile>
    <ClCompile Include="Menus\MPLobbyUI.cpp">
      <Filter>GameDLL\Menus</Filter>
    </ClCompile>
    <ClCompile Include="Menus\MultiplayerMenu.cpp">
      <Filter>GameDLL\Menus</Filter>
    </ClCompile>
    <ClCompile Include="Menus\OptionsManager.cpp">
      <Filter>GameDLL\Menus</Filter>
    </ClCompile>
    <ClCompile Include="Menus\QuickGame.cpp">
      <Filter>GameDLL\Menus</Filter>
    </ClCompile>
    <ClCompile Include="FlashAnimation.cpp">
      <Filter>GameDLL\Flash</Filter>
    </ClCompile>
    <ClCompile Include="LCD\LCDImage.cpp">
      <Filter>GameDLL\LCD</Filter>
    </ClCompile>
    <ClCompile Include="LCD\LCDPage.cpp">
      <Filter>GameDLL\LCD</Filter>
    </ClCompile>
    <ClCompile Include="LCD\LCDWrapper.cpp">
      <Filter>GameDLL\LCD</Filter>
    </ClCompile>
    <ClCompile Include="LCD\Pages\GameStatus.cpp">
      <Filter>GameDLL\LCD\Pages</Filter>
    </ClCompile>
    <ClCompile Include="LCD\Pages\PlayerStatus.cpp">
      <Filter>GameDLL\LCD\Pages</Filter>
    </ClCompile>
    <ClCompile Include="Expansion\Weapons\GrenadeLaunch.cpp">
      <Filter>GameDLL\Expansion\Weapons</Filter>
    </ClCompile>
    <ClCompile Include="Expansion\Weapons\RemoteGrenade.cpp">
      <Filter>GameDLL\Expansion\Weapons</Filter>
    </ClCompile>
    <ClCompile Include="TheOtherSideMP\Game\TOSGame.cpp">
      <Filter>TheOtherSideMP\Game</Filter>
    </ClCompile>
    <ClCompile Include="TheOtherSideMP\Game\TOSGameCvars.cpp">
      <Filter>TheOtherSideMP\Game</Filter>
    </ClCompile>
    <ClCompile Include="TheOtherSideMP\Actors\TOSActor.cpp">
      <Filter>TheOtherSideMP\Actors</Filter>
    </ClCompile>
    <ClCompile Include="TheOtherSideMP\Actors\Player\TOSPlayer.cpp">
      <Filter>TheOtherSideMP\Actors\player</Filter>
    </ClCompile>
    <ClCompile Include="TheOtherSideMP\Actors\Aliens\TOSAlien.cpp">
      <Filter>TheOtherSideMP\Actors\aliens</Filter>
    </ClCompile>
    <ClCompile Include="TheOtherSideMP\Actors\Aliens\TOSTrooper.cpp">
      <Filter>TheOtherSideMP\Actors\aliens</Filter>
    </ClCompile>
    <ClCompile Include="TheOtherSideMP\Game\Modules\GenericSynchronizer.cpp">
      <Filter>TheOtherSideMP\Game\Modules</Filter>
    </ClCompile>
    <ClCompile Include="TheOtherSideMP\Game\Modules\Master\MasterClient.cpp">
      <Filter>TheOtherSideMP\Game\Modules\Master</Filter>
    </ClCompile>
    <ClCompile Include="TheOtherSideMP\Game\Modules\Master\MasterModule.cpp">
      <Filter>TheOtherSideMP\Game\Modules\Master</Filter>
    </ClCompile>
    <ClCompile Include="TheOtherSideMP\Game\Modules\Master\MasterSynchronizer.cpp">
      <Filter>TheOtherSideMP\Game\Modules\Master</Filter>
    </ClCompile>
    <ClCompile Include="TheOtherSideMP\Game\Modules\GenericModule.cpp">
      <Filter>TheOtherSideMP\Game\Modules</Filter>
    </ClCompile>
    <ClCompile Include="TheOtherSideMP\Control\ControlAction.cpp">
      <Filter>TheOtherSideMP\Control_Old</Filter>
    </ClCompile>
    <ClCompile Include="TheOtherSideMP\Control\ControlClient.cpp">
      <Filter>TheOtherSideMP\Control_Old</Filter>
    </ClCompile>
    <ClCompile Include="TheOtherSideMP\Control\ControlSystem.cpp">
      <Filter>TheOtherSideMP\Control_Old</Filter>
    </ClCompile>
    <ClCompile Include="TheOtherSideMP\Game\Modules\Abilities\AbilitiesSystem.cpp">
      <Filter>TheOtherSideMP\Game\Modules\Abilities</Filter>
    </ClCompile>
    <ClCompile Include="TheOtherSideMP\Game\Modules\Abilities\Ability.cpp">
      <Filter>TheOtherSideMP\Game\Modules\Abilities</Filter>
    </ClCompile>
    <ClCompile Include="TheOtherSideMP\Game\Modules\Abilities\AbilityOwner.cpp">
      <Filter>TheOtherSideMP\Game\Modules\Abilities</Filter>
    </ClCompile>
    <ClCompile Include="TheOtherSideMP\Game\Modules\EntitySpawn\EntitySpawnModule.cpp">
      <Filter>TheOtherSideMP\Game\Modules\EntitySpawn</Filter>
    </ClCompile>
    <ClCompile Include="TheOtherSideMP\MasterCvars.cpp">
      <Filter>TheOtherSideMP\Game\Modules\Master</Filter>
    </ClCompile>
    <ClCompile Include="TheOtherSideMP\Game\Modules\EntitySpawn\EntitySpawnCvars.cpp">
      <Filter>TheOtherSideMP\Game\Modules\EntitySpawn</Filter>
    </ClCompile>
    <ClCompile Include="TheOtherSideMP\HUD\TOSCrosshair.cpp">
      <Filter>TheOtherSideMP\HUD</Filter>
    </ClCompile>
    <ClCompile Include="TheOtherSideMP\Extensions\EnergyConsumer.cpp">
      <Filter>TheOtherSideMP\Extensions</Filter>
    </ClCompile>
    <ClCompile Include="TheOtherSideMP\Nodes\FlowMasterClientNodes.cpp">
      <Filter>TheOtherSideMP\Nodes</Filter>
    </ClCompile>
    <ClCompile Include="TheOtherSideMP\Actors\Player\TOSGrunt.cpp">
      <Filter>TheOtherSideMP\Actors\player</Filter>
    </ClCompile>
    <ClCompile Include="TheOtherSideMP\Actors\Player\TOSGruntMovementController.cpp">
      <Filter>TheOtherSideMP\Actors\player</Filter>
    </ClCompile>
    <ClCompile Include="TheOtherSideMP\Actors\Aliens\TOSAlienMovementController.cpp">
      <Filter>TheOtherSideMP\Actors\aliens</Filter>
    </ClCompile>
    <ClCompile Include="TheOtherSideMP\Game\Modules\Zeus\ZeusModule.cpp">
      <Filter>TheOtherSideMP\Game\Modules\Zeus</Filter>
    </ClCompile>
    <ClCompile Include="TheOtherSideMP\Game\Modules\Zeus\ZeusNodes.cpp">
      <Filter>TheOtherSideMP\Game\Modules\Zeus</Filter>
    </ClCompile>
    <ClCompile Include="TheOtherSideMP\Game\Modules\Zeus\ZeusCvars.cpp">
      <Filter>TheOtherSideMP\Game\Modules\Zeus</Filter>
    </ClCompile>
    <ClCompile Include="TheOtherSideMP\Game\Modules\Zeus\ZeusHUD.cpp">
      <Filter>TheOtherSideMP\Game\Modules\Zeus</Filter>
    </ClCompile>
    <ClCompile Include="TheOtherSideMP\Nodes\FlowNewVehicleNodes.cpp">
      <Filter>TheOtherSideMP\Nodes</Filter>
    </ClCompile>
    <ClCompile Include="TheOtherSideMP\Nodes\FlowScriptNodes.cpp">
      <Filter>TheOtherSideMP\Nodes</Filter>
    </ClCompile>
    <ClCompile Include="TheOtherSideMP\Game\ScriptBinds\ScriptBind_Custom.cpp">
      <Filter>TheOtherSideMP\Game\ScriptBinds</Filter>
    </ClCompile>
    <ClCompile Include="TheOtherSideMP\Utilities\IndexFinder.cpp">
      <Filter>TheOtherSideMP\Utilities</Filter>
    </ClCompile>
    <ClCompile Include="CryMP\Library\StringTools.cpp">
      <Filter>CryMP\Library</Filter>
    </ClCompile>
    <ClCompile Include="CryMP\Library\WinAPI.cpp">
      <Filter>CryMP\Library</Filter>
    </ClCompile>
    <ClCompile Include="DllMain.cpp">
      <Filter>GameDLL</Filter>
    </ClCompile>
    <ClCompile Include="StdAfx.cpp">
      <Filter>GameDLL</Filter>
    </ClCompile>
    <ClCompile Include="FGPS\FGPluginLoader.cpp">
      <Filter>FGPS</Filter>
    </ClCompile>
    <ClCompile Include="TheOtherSideMP\Game\TOSGameEventRecorder.cpp">
      <Filter>TheOtherSideMP\Game\Events</Filter>
    </ClCompile>
    <ClCompile Include="TheOtherSideMP\Game\Modules\Zeus\ZeusNetwork.cpp">
      <Filter>TheOtherSideMP\Game\Modules\Zeus</Filter>
    </ClCompile>
    <ClCompile Include="TheOtherSideMP\Game\ScriptBinds\ScriptBind_Zeus.cpp">
      <Filter>TheOtherSideMP\Game\ScriptBinds</Filter>
    </ClCompile>
    <ClCompile Include="TheOtherSideMP\Nodes\FlowAINodes.cpp">
      <Filter>TheOtherSideMP\Nodes</Filter>
    </ClCompile>
    <ClCompile Include="TheOtherSideMP\Game\Modules\Zeus\ZeusLocal.cpp">
      <Filter>TheOtherSideMP\Game\Modules\Zeus</Filter>
    </ClCompile>
    <ClCompile Include="TheOtherSideMP\Game\Modules\Zeus\ZeusSynchronizer.cpp">
      <Filter>TheOtherSideMP\Game\Modules\Zeus</Filter>
    </ClCompile>
    <ClCompile Include="TheOtherSideMP\Actors\TOSActorRMI.cpp">
      <Filter>TheOtherSideMP\Actors</Filter>
    </ClCompile>
    <ClCompile Include="Coop\CoopCutsceneSystem.cpp">
      <Filter>Coop</Filter>
    </ClCompile>
    <ClCompile Include="Coop\CoopReadability.cpp">
      <Filter>Coop</Filter>
    </ClCompile>
    <ClCompile Include="Coop\CoopSystem.cpp">
      <Filter>Coop</Filter>
    </ClCompile>
    <ClCompile Include="Coop\DialogSystem\DialogActorContext.cpp">
      <Filter>Coop\DialogSystem</Filter>
    </ClCompile>
    <ClCompile Include="Coop\DialogSystem\DialogLoader.cpp">
      <Filter>Coop\DialogSystem</Filter>
    </ClCompile>
    <ClCompile Include="Coop\DialogSystem\DialogLoaderMK2.cpp">
      <Filter>Coop\DialogSystem</Filter>
    </ClCompile>
    <ClCompile Include="Coop\DialogSystem\DialogScript.cpp">
      <Filter>Coop\DialogSystem</Filter>
    </ClCompile>
    <ClCompile Include="Coop\DialogSystem\DialogSession.cpp">
      <Filter>Coop\DialogSystem</Filter>
    </ClCompile>
    <ClCompile Include="Coop\DialogSystem\DialogSystem.cpp">
      <Filter>Coop\DialogSystem</Filter>
    </ClCompile>
    <ClCompile Include="Coop\Entities\DialogSynchronizer.cpp">
      <Filter>Coop\Entities</Filter>
    </ClCompile>
    <ClCompile Include="Coop\Entities\EventSynchronizer.cpp">
      <Filter>Coop\Entities</Filter>
    </ClCompile>
    <ClCompile Include="Coop\Entities\HUDSynchronizer.cpp">
      <Filter>Coop\Entities</Filter>
    </ClCompile>
    <ClCompile Include="Coop\Entities\SequenceSynchronizer.cpp">
      <Filter>Coop\Entities</Filter>
    </ClCompile>
    <ClCompile Include="Coop\Nodes\CoopDialogNode.cpp">
      <Filter>Coop\Nodes</Filter>
    </ClCompile>
    <ClCompile Include="Coop\Nodes\CoopGetPlayersInVehicle.cpp">
      <Filter>Coop\Nodes</Filter>
    </ClCompile>
    <ClCompile Include="Coop\Nodes\CoopHudNodes.cpp">
      <Filter>Coop\Nodes</Filter>
    </ClCompile>
    <ClCompile Include="Coop\Nodes\CoopSequenceNodes.cpp">
      <Filter>Coop\Nodes</Filter>
    </ClCompile>
    <ClCompile Include="Coop\Nodes\CoopSpawnArchetype.cpp">
      <Filter>Coop\Nodes</Filter>
    </ClCompile>
    <ClCompile Include="Coop\Sound\CoopSound.cpp">
      <Filter>Coop\Sound</Filter>
    </ClCompile>
    <ClCompile Include="Coop\Sound\CoopSoundSystem.cpp">
      <Filter>Coop\Sound</Filter>
    </ClCompile>
    <ClCompile Include="Coop\Utilities\DedicatedServerHackScope.cpp">
      <Filter>Coop\Utilities</Filter>
    </ClCompile>
    <ClCompile Include="TheOtherSideMP\Actors\Aliens\TOSHunter.cpp">
      <Filter>TheOtherSideMP\Actors\aliens</Filter>
    </ClCompile>
    <ClCompile Include="TheOtherSideMP\Actors\Aliens\TOSScout.cpp">
      <Filter>TheOtherSideMP\Actors\aliens</Filter>
    </ClCompile>
    <ClCompile Include="TheOtherSideMP\Actors\Animation\AnimationGraphState.cpp">
      <Filter>TheOtherSideMP\Actors\animation</Filter>
    </ClCompile>
  </ItemGroup>
  <ItemGroup>
    <ClInclude Include="Actor.h">
      <Filter>GameDLL\Actor Files</Filter>
    </ClInclude>
    <ClInclude Include="AIDemoInput.h">
      <Filter>GameDLL\Actor Files</Filter>
    </ClInclude>
    <ClInclude Include="ScreenEffects.h">
      <Filter>GameDLL\Actor Files</Filter>
    </ClInclude>
    <ClInclude Include="ScriptBind_Actor.h">
      <Filter>GameDLL\Actor Files</Filter>
    </ClInclude>
    <ClInclude Include="Shark.h">
      <Filter>GameDLL\Actor Files</Filter>
    </ClInclude>
    <ClInclude Include="SharkMovementController.h">
      <Filter>GameDLL\Actor Files</Filter>
    </ClInclude>
    <ClInclude Include="IPlayerInput.h">
      <Filter>GameDLL\Actor Files\player</Filter>
    </ClInclude>
    <ClInclude Include="NanoSuit.h">
      <Filter>GameDLL\Actor Files\player</Filter>
    </ClInclude>
    <ClInclude Include="NetPlayerInput.h">
      <Filter>GameDLL\Actor Files\player</Filter>
    </ClInclude>
    <ClInclude Include="Player.h">
      <Filter>GameDLL\Actor Files\player</Filter>
    </ClInclude>
    <ClInclude Include="PlayerInput.h">
      <Filter>GameDLL\Actor Files\player</Filter>
    </ClInclude>
    <ClInclude Include="PlayerMovement.h">
      <Filter>GameDLL\Actor Files\player</Filter>
    </ClInclude>
    <ClInclude Include="PlayerMovementController.h">
      <Filter>GameDLL\Actor Files\player</Filter>
    </ClInclude>
    <ClInclude Include="PlayerRotation.h">
      <Filter>GameDLL\Actor Files\player</Filter>
    </ClInclude>
    <ClInclude Include="PlayerView.h">
      <Filter>GameDLL\Actor Files\player</Filter>
    </ClInclude>
    <ClInclude Include="WeaponAttachmentManager.h">
      <Filter>GameDLL\Actor Files\player</Filter>
    </ClInclude>
    <ClInclude Include="CompatibilityAlienMovementController.h">
      <Filter>GameDLL\Actor Files\aliens</Filter>
    </ClInclude>
    <ClInclude Include="Hunter.h">
      <Filter>GameDLL\Actor Files\aliens</Filter>
    </ClInclude>
    <ClInclude Include="Observer.h">
      <Filter>GameDLL\Actor Files\aliens</Filter>
    </ClInclude>
    <ClInclude Include="Scout.h">
      <Filter>GameDLL\Actor Files\aliens</Filter>
    </ClInclude>
    <ClInclude Include="Trooper.h">
      <Filter>GameDLL\Actor Files\aliens</Filter>
    </ClInclude>
    <ClInclude Include="GrabHandler.h">
      <Filter>GameDLL\Actor Files\grab</Filter>
    </ClInclude>
    <ClInclude Include="BulletTime.h">
      <Filter>GameDLL\Game Files</Filter>
    </ClInclude>
    <ClInclude Include="ClientSynchedStorage.h">
      <Filter>GameDLL\Game Files</Filter>
    </ClInclude>
    <ClInclude Include="DownloadTask.h">
      <Filter>GameDLL\Game Files</Filter>
    </ClInclude>
    <ClInclude Include="Game.h">
      <Filter>GameDLL\Game Files</Filter>
    </ClInclude>
    <ClInclude Include="GameActions.h">
      <Filter>GameDLL\Game Files</Filter>
    </ClInclude>
    <ClInclude Include="GameCVars.h">
      <Filter>GameDLL\Game Files</Filter>
    </ClInclude>
    <ClInclude Include="GameFactory.h">
      <Filter>GameDLL\Game Files</Filter>
    </ClInclude>
    <ClInclude Include="MPTutorial.h">
      <Filter>GameDLL\Game Files</Filter>
    </ClInclude>
    <ClInclude Include="Radio.h">
      <Filter>GameDLL\Game Files</Filter>
    </ClInclude>
    <ClInclude Include="ScriptBind_Game.h">
      <Filter>GameDLL\Game Files</Filter>
    </ClInclude>
    <ClInclude Include="ScriptControlledPhysics.h">
      <Filter>GameDLL\Game Files</Filter>
    </ClInclude>
    <ClInclude Include="ServerSynchedStorage.h">
      <Filter>GameDLL\Game Files</Filter>
    </ClInclude>
    <ClInclude Include="SoundMoods.h">
      <Filter>GameDLL\Game Files</Filter>
    </ClInclude>
    <ClInclude Include="SPAnalyst.h">
      <Filter>GameDLL\Game Files</Filter>
    </ClInclude>
    <ClInclude Include="SynchedStorage.h">
      <Filter>GameDLL\Game Files</Filter>
    </ClInclude>
    <ClInclude Include="Voting.h">
      <Filter>GameDLL\Game Files</Filter>
    </ClInclude>
    <ClInclude Include="Environment\BattleDust.h">
      <Filter>GameDLL\Game Files\Environment</Filter>
    </ClInclude>
    <ClInclude Include="Environment\Shake.h">
      <Filter>GameDLL\Game Files\Environment</Filter>
    </ClInclude>
    <ClInclude Include="Environment\FlowTornado.h">
      <Filter>GameDLL\Game Files\Environment\Tornado</Filter>
    </ClInclude>
    <ClInclude Include="Environment\Tornado.h">
      <Filter>GameDLL\Game Files\Environment\Tornado</Filter>
    </ClInclude>
    <ClInclude Include="VehicleClient.h">
      <Filter>GameDLL\Vehicle Files</Filter>
    </ClInclude>
    <ClInclude Include="VehicleMovementTweaks.h">
      <Filter>GameDLL\Vehicle Files</Filter>
    </ClInclude>
    <ClInclude Include="VehicleMovementAmphibious.h">
      <Filter>GameDLL\Vehicle Files\Movement Files</Filter>
    </ClInclude>
    <ClInclude Include="VehicleMovementBase.h">
      <Filter>GameDLL\Vehicle Files\Movement Files</Filter>
    </ClInclude>
    <ClInclude Include="VehicleMovementHelicopter.h">
      <Filter>GameDLL\Vehicle Files\Movement Files</Filter>
    </ClInclude>
    <ClInclude Include="VehicleMovementHovercraft.h">
      <Filter>GameDLL\Vehicle Files\Movement Files</Filter>
    </ClInclude>
    <ClInclude Include="VehicleMovementStdBoat.h">
      <Filter>GameDLL\Vehicle Files\Movement Files</Filter>
    </ClInclude>
    <ClInclude Include="VehicleMovementStdWheeled.h">
      <Filter>GameDLL\Vehicle Files\Movement Files</Filter>
    </ClInclude>
    <ClInclude Include="VehicleMovementTank.h">
      <Filter>GameDLL\Vehicle Files\Movement Files</Filter>
    </ClInclude>
    <ClInclude Include="VehicleMovementVTOL.h">
      <Filter>GameDLL\Vehicle Files\Movement Files</Filter>
    </ClInclude>
    <ClInclude Include="VehicleMovementWarrior.h">
      <Filter>GameDLL\Vehicle Files\Movement Files</Filter>
    </ClInclude>
    <ClInclude Include="VehicleDamageBehaviorBurn.h">
      <Filter>GameDLL\Vehicle Files\Damage Files</Filter>
    </ClInclude>
    <ClInclude Include="VehicleDamageBehaviorCameraShake.h">
      <Filter>GameDLL\Vehicle Files\Damage Files</Filter>
    </ClInclude>
    <ClInclude Include="VehicleDamageBehaviorCollisionEx.h">
      <Filter>GameDLL\Vehicle Files\Damage Files</Filter>
    </ClInclude>
    <ClInclude Include="VehicleDamageBehaviorExplosion.h">
      <Filter>GameDLL\Vehicle Files\Damage Files</Filter>
    </ClInclude>
    <ClInclude Include="VehicleDamageBehaviorTire.h">
      <Filter>GameDLL\Vehicle Files\Damage Files</Filter>
    </ClInclude>
    <ClInclude Include="VehicleActionAutomaticDoor.h">
      <Filter>GameDLL\Vehicle Files\Action Files</Filter>
    </ClInclude>
    <ClInclude Include="VehicleActionDeployRope.h">
      <Filter>GameDLL\Vehicle Files\Action Files</Filter>
    </ClInclude>
    <ClInclude Include="VehicleActionEntityAttachment.h">
      <Filter>GameDLL\Vehicle Files\Action Files</Filter>
    </ClInclude>
    <ClInclude Include="VehicleActionLandingGears.h">
      <Filter>GameDLL\Vehicle Files\Action Files</Filter>
    </ClInclude>
    <ClInclude Include="FlowItemAnimation.h">
      <Filter>GameDLL\Item Files</Filter>
    </ClInclude>
    <ClInclude Include="Item.h">
      <Filter>GameDLL\Item Files</Filter>
    </ClInclude>
    <ClInclude Include="ItemParamReader.h">
      <Filter>GameDLL\Item Files</Filter>
    </ClInclude>
    <ClInclude Include="ItemScheduler.h">
      <Filter>GameDLL\Item Files</Filter>
    </ClInclude>
    <ClInclude Include="ItemSharedParams.h">
      <Filter>GameDLL\Item Files</Filter>
    </ClInclude>
    <ClInclude Include="ItemString.h">
      <Filter>GameDLL\Item Files</Filter>
    </ClInclude>
    <ClInclude Include="ScriptBind_Item.h">
      <Filter>GameDLL\Item Files</Filter>
    </ClInclude>
    <ClInclude Include="AmmoParams.h">
      <Filter>GameDLL\Item Files\Weapon Files</Filter>
    </ClInclude>
    <ClInclude Include="Projectile.h">
      <Filter>GameDLL\Item Files\Weapon Files</Filter>
    </ClInclude>
    <ClInclude Include="ScriptBind_Weapon.h">
      <Filter>GameDLL\Item Files\Weapon Files</Filter>
    </ClInclude>
    <ClInclude Include="TracerManager.h">
      <Filter>GameDLL\Item Files\Weapon Files</Filter>
    </ClInclude>
    <ClInclude Include="Weapon.h">
      <Filter>GameDLL\Item Files\Weapon Files</Filter>
    </ClInclude>
    <ClInclude Include="WeaponSystem.h">
      <Filter>GameDLL\Item Files\Weapon Files</Filter>
    </ClInclude>
    <ClInclude Include="Automatic.h">
      <Filter>GameDLL\Item Files\Weapon Files\Fire Modes</Filter>
    </ClInclude>
    <ClInclude Include="Beam.h">
      <Filter>GameDLL\Item Files\Weapon Files\Fire Modes</Filter>
    </ClInclude>
    <ClInclude Include="Burst.h">
      <Filter>GameDLL\Item Files\Weapon Files\Fire Modes</Filter>
    </ClInclude>
    <ClInclude Include="Charge.h">
      <Filter>GameDLL\Item Files\Weapon Files\Fire Modes</Filter>
    </ClInclude>
    <ClInclude Include="Detonate.h">
      <Filter>GameDLL\Item Files\Weapon Files\Fire Modes</Filter>
    </ClInclude>
    <ClInclude Include="FreezingBeam.h">
      <Filter>GameDLL\Item Files\Weapon Files\Fire Modes</Filter>
    </ClInclude>
    <ClInclude Include="Melee.h">
      <Filter>GameDLL\Item Files\Weapon Files\Fire Modes</Filter>
    </ClInclude>
    <ClInclude Include="Plant.h">
      <Filter>GameDLL\Item Files\Weapon Files\Fire Modes</Filter>
    </ClInclude>
    <ClInclude Include="Rapid.h">
      <Filter>GameDLL\Item Files\Weapon Files\Fire Modes</Filter>
    </ClInclude>
    <ClInclude Include="Scan.h">
      <Filter>GameDLL\Item Files\Weapon Files\Fire Modes</Filter>
    </ClInclude>
    <ClInclude Include="Shotgun.h">
      <Filter>GameDLL\Item Files\Weapon Files\Fire Modes</Filter>
    </ClInclude>
    <ClInclude Include="Single.h">
      <Filter>GameDLL\Item Files\Weapon Files\Fire Modes</Filter>
    </ClInclude>
    <ClInclude Include="SingleTG.h">
      <Filter>GameDLL\Item Files\Weapon Files\Fire Modes</Filter>
    </ClInclude>
    <ClInclude Include="Throw.h">
      <Filter>GameDLL\Item Files\Weapon Files\Fire Modes</Filter>
    </ClInclude>
    <ClInclude Include="WorkOnTarget.h">
      <Filter>GameDLL\Item Files\Weapon Files\Fire Modes</Filter>
    </ClInclude>
    <ClInclude Include="AVMine.h">
      <Filter>GameDLL\Item Files\Weapon Files\Projectiles</Filter>
    </ClInclude>
    <ClInclude Include="Bullet.h">
      <Filter>GameDLL\Item Files\Weapon Files\Projectiles</Filter>
    </ClInclude>
    <ClInclude Include="C4Projectile.h">
      <Filter>GameDLL\Item Files\Weapon Files\Projectiles</Filter>
    </ClInclude>
    <ClInclude Include="Claymore.h">
      <Filter>GameDLL\Item Files\Weapon Files\Projectiles</Filter>
    </ClInclude>
    <ClInclude Include="EMPField.h">
      <Filter>GameDLL\Item Files\Weapon Files\Projectiles</Filter>
    </ClInclude>
    <ClInclude Include="HomingMissile.h">
      <Filter>GameDLL\Item Files\Weapon Files\Projectiles</Filter>
    </ClInclude>
    <ClInclude Include="Rock.h">
      <Filter>GameDLL\Item Files\Weapon Files\Projectiles</Filter>
    </ClInclude>
    <ClInclude Include="Rocket.h">
      <Filter>GameDLL\Item Files\Weapon Files\Projectiles</Filter>
    </ClInclude>
    <ClInclude Include="TacBullet.h">
      <Filter>GameDLL\Item Files\Weapon Files\Projectiles</Filter>
    </ClInclude>
    <ClInclude Include="TagBullet.h">
      <Filter>GameDLL\Item Files\Weapon Files\Projectiles</Filter>
    </ClInclude>
    <ClInclude Include="IronSight.h">
      <Filter>GameDLL\Item Files\Weapon Files\Zoom Modes</Filter>
    </ClInclude>
    <ClInclude Include="Scope.h">
      <Filter>GameDLL\Item Files\Weapon Files\Zoom Modes</Filter>
    </ClInclude>
    <ClInclude Include="AmmoPickup.h">
      <Filter>GameDLL\Item Files\Weapon Files\Weapons</Filter>
    </ClInclude>
    <ClInclude Include="Binocular.h">
      <Filter>GameDLL\Item Files\Weapon Files\Weapons</Filter>
    </ClInclude>
    <ClInclude Include="C4.h">
      <Filter>GameDLL\Item Files\Weapon Files\Weapons</Filter>
    </ClInclude>
    <ClInclude Include="C4Detonator.h">
      <Filter>GameDLL\Item Files\Weapon Files\Weapons</Filter>
    </ClInclude>
    <ClInclude Include="DebugGun.h">
      <Filter>GameDLL\Item Files\Weapon Files\Weapons</Filter>
    </ClInclude>
    <ClInclude Include="Fists.h">
      <Filter>GameDLL\Item Files\Weapon Files\Weapons</Filter>
    </ClInclude>
    <ClInclude Include="GunTurret.h">
      <Filter>GameDLL\Item Files\Weapon Files\Weapons</Filter>
    </ClInclude>
    <ClInclude Include="OffHand.h">
      <Filter>GameDLL\Item Files\Weapon Files\Weapons</Filter>
    </ClInclude>
    <ClInclude Include="ReferenceWeapon.h">
      <Filter>GameDLL\Item Files\Weapon Files\Weapons</Filter>
    </ClInclude>
    <ClInclude Include="RocketLauncher.h">
      <Filter>GameDLL\Item Files\Weapon Files\Weapons</Filter>
    </ClInclude>
    <ClInclude Include="TacLauncher.h">
      <Filter>GameDLL\Item Files\Weapon Files\Weapons</Filter>
    </ClInclude>
    <ClInclude Include="ThrowableWeapon.h">
      <Filter>GameDLL\Item Files\Weapon Files\Weapons</Filter>
    </ClInclude>
    <ClInclude Include="VehicleWeapon.h">
      <Filter>GameDLL\Item Files\Weapon Files\Weapons</Filter>
    </ClInclude>
    <ClInclude Include="Lam.h">
      <Filter>GameDLL\Item Files\Items</Filter>
    </ClInclude>
    <ClInclude Include="PlayerFeature.h">
      <Filter>GameDLL\Item Files\Items</Filter>
    </ClInclude>
    <ClInclude Include="LaptopUtil.h">
      <Filter>GameDLL\Utility</Filter>
    </ClInclude>
    <ClInclude Include="NetInputChainDebug.h">
      <Filter>GameDLL\Utility</Filter>
    </ClInclude>
    <ClInclude Include="ScriptUtils.h">
      <Filter>GameDLL\Utility</Filter>
    </ClInclude>
    <ClInclude Include="HUD\FlashPlayerNULL.h">
      <Filter>GameDLL\HUD</Filter>
    </ClInclude>
    <ClInclude Include="Hud\GameFlashAnimation.h">
      <Filter>GameDLL\HUD</Filter>
    </ClInclude>
    <ClInclude Include="HUD\GameFlashLogic.h">
      <Filter>GameDLL\HUD</Filter>
    </ClInclude>
    <ClInclude Include="Hud\HUD.h">
      <Filter>GameDLL\HUD</Filter>
    </ClInclude>
    <ClInclude Include="HUD\HUDCommon.h">
      <Filter>GameDLL\HUD</Filter>
    </ClInclude>
    <ClInclude Include="HUD\HUDCrosshair.h">
      <Filter>GameDLL\HUD</Filter>
    </ClInclude>
    <ClInclude Include="HUD\HUDEnums.h">
      <Filter>GameDLL\HUD</Filter>
    </ClInclude>
    <ClInclude Include="HUD\HUDInstantAction.h">
      <Filter>GameDLL\HUD</Filter>
    </ClInclude>
    <ClInclude Include="HUD\HUDMissionObjectiveSystem.h">
      <Filter>GameDLL\HUD</Filter>
    </ClInclude>
    <ClInclude Include="HUD\HUDObituary.h">
      <Filter>GameDLL\HUD</Filter>
    </ClInclude>
    <ClInclude Include="Hud\HUDObject.h">
      <Filter>GameDLL\HUD</Filter>
    </ClInclude>
    <ClInclude Include="HUD\HUDPowerStruggle.h">
      <Filter>GameDLL\HUD</Filter>
    </ClInclude>
    <ClInclude Include="Hud\HUDRadar.h">
      <Filter>GameDLL\HUD</Filter>
    </ClInclude>
    <ClInclude Include="HUD\HUDScopes.h">
      <Filter>GameDLL\HUD</Filter>
    </ClInclude>
    <ClInclude Include="HUD\HUDScore.h">
      <Filter>GameDLL\HUD</Filter>
    </ClInclude>
    <ClInclude Include="HUD\HUDSilhouettes.h">
      <Filter>GameDLL\HUD</Filter>
    </ClInclude>
    <ClInclude Include="HUD\HUDTagNames.h">
      <Filter>GameDLL\HUD</Filter>
    </ClInclude>
    <ClInclude Include="HUD\HUDTeamInstantAction.h">
      <Filter>GameDLL\HUD</Filter>
    </ClInclude>
    <ClInclude Include="HUD\HUDTextArea.h">
      <Filter>GameDLL\HUD</Filter>
    </ClInclude>
    <ClInclude Include="HUD\HUDTextChat.h">
      <Filter>GameDLL\HUD</Filter>
    </ClInclude>
    <ClInclude Include="HUD\HUDVehicleInterface.h">
      <Filter>GameDLL\HUD</Filter>
    </ClInclude>
    <ClInclude Include="HUD\ScriptBind_HUD.h">
      <Filter>GameDLL\HUD</Filter>
    </ClInclude>
    <ClInclude Include="HUD\Tweaks\HUDTweakMenu.h">
      <Filter>GameDLL\HUD\Tweaks</Filter>
    </ClInclude>
    <ClInclude Include="HUD\Tweaks\TweakCommon.h">
      <Filter>GameDLL\HUD\Tweaks</Filter>
    </ClInclude>
    <ClInclude Include="HUD\Tweaks\TweakMenu.h">
      <Filter>GameDLL\HUD\Tweaks</Filter>
    </ClInclude>
    <ClInclude Include="HUD\Tweaks\TweakMetadata.h">
      <Filter>GameDLL\HUD\Tweaks</Filter>
    </ClInclude>
    <ClInclude Include="HUD\Tweaks\TweakMetadataCVAR.h">
      <Filter>GameDLL\HUD\Tweaks</Filter>
    </ClInclude>
    <ClInclude Include="HUD\Tweaks\TweakMetadataLUA.h">
      <Filter>GameDLL\HUD\Tweaks</Filter>
    </ClInclude>
    <ClInclude Include="HUD\Tweaks\TweakTraverser.h">
      <Filter>GameDLL\HUD\Tweaks</Filter>
    </ClInclude>
    <ClInclude Include="GameRules.h">
      <Filter>GameDLL\GameRules</Filter>
    </ClInclude>
    <ClInclude Include="ScriptBind_GameRules.h">
      <Filter>GameDLL\GameRules</Filter>
    </ClInclude>
    <ClInclude Include="ShotValidator.h">
      <Filter>GameDLL\GameRules</Filter>
    </ClInclude>
    <ClInclude Include="Nodes\G2FlowBaseNode.h">
      <Filter>GameDLL\Nodes</Filter>
    </ClInclude>
    <ClInclude Include="Menus\CreateGame.h">
      <Filter>GameDLL\Menus</Filter>
    </ClInclude>
    <ClInclude Include="Menus\FlashMenuObject.h">
      <Filter>GameDLL\Menus</Filter>
    </ClInclude>
    <ClInclude Include="Menus\FlashMenuScreen.h">
      <Filter>GameDLL\Menus</Filter>
    </ClInclude>
    <ClInclude Include="Menus\GameNetworkProfile.h">
      <Filter>GameDLL\Menus</Filter>
    </ClInclude>
    <ClInclude Include="Menus\MovieManager.h">
      <Filter>GameDLL\Menus</Filter>
    </ClInclude>
    <ClInclude Include="Menus\MPHub.h">
      <Filter>GameDLL\Menus</Filter>
    </ClInclude>
    <ClInclude Include="Menus\MPLobbyUI.h">
      <Filter>GameDLL\Menus</Filter>
    </ClInclude>
    <ClInclude Include="Menus\MultiplayerMenu.h">
      <Filter>GameDLL\Menus</Filter>
    </ClInclude>
    <ClInclude Include="Menus\OptionsManager.h">
      <Filter>GameDLL\Menus</Filter>
    </ClInclude>
    <ClInclude Include="Menus\QuickGame.h">
      <Filter>GameDLL\Menus</Filter>
    </ClInclude>
    <ClInclude Include="FlashAnimation.h">
      <Filter>GameDLL\Flash</Filter>
    </ClInclude>
    <ClInclude Include="LCD\ILCD.h">
      <Filter>GameDLL\LCD</Filter>
    </ClInclude>
    <ClInclude Include="LCD\LCDImage.h">
      <Filter>GameDLL\LCD</Filter>
    </ClInclude>
    <ClInclude Include="LCD\LCDPage.h">
      <Filter>GameDLL\LCD</Filter>
    </ClInclude>
    <ClInclude Include="LCD\LCDWrapper.h">
      <Filter>GameDLL\LCD</Filter>
    </ClInclude>
    <ClInclude Include="LCD\Pages\GameStatus.h">
      <Filter>GameDLL\LCD\Pages</Filter>
    </ClInclude>
    <ClInclude Include="LCD\Pages\Loading.h">
      <Filter>GameDLL\LCD\Pages</Filter>
    </ClInclude>
    <ClInclude Include="LCD\Pages\Logo.h">
      <Filter>GameDLL\LCD\Pages</Filter>
    </ClInclude>
    <ClInclude Include="LCD\Pages\PlayerStatus.h">
      <Filter>GameDLL\LCD\Pages</Filter>
    </ClInclude>
    <ClInclude Include="resource.h">
      <Filter>GameDLL\Resources\G15\Items</Filter>
    </ClInclude>
    <ClInclude Include="Expansion\Weapons\GrenadeLaunch.h">
      <Filter>GameDLL\Expansion\Weapons</Filter>
    </ClInclude>
    <ClInclude Include="Expansion\Weapons\RemoteGrenade.h">
      <Filter>GameDLL\Expansion\Weapons</Filter>
    </ClInclude>
    <ClInclude Include="TheOtherSideMP\Helpers\TOS_AI.h">
      <Filter>TheOtherSideMP\Helpers</Filter>
    </ClInclude>
    <ClInclude Include="TheOtherSideMP\Helpers\TOS_Debug.h">
      <Filter>TheOtherSideMP\Helpers</Filter>
    </ClInclude>
    <ClInclude Include="TheOtherSideMP\Helpers\TOS_HUD.h">
      <Filter>TheOtherSideMP\Helpers</Filter>
    </ClInclude>
    <ClInclude Include="TheOtherSideMP\Helpers\TOS_Inventory.h">
      <Filter>TheOtherSideMP\Helpers</Filter>
    </ClInclude>
    <ClInclude Include="TheOtherSideMP\Helpers\TOS_Script.h">
      <Filter>TheOtherSideMP\Helpers</Filter>
    </ClInclude>
    <ClInclude Include="TheOtherSideMP\Helpers\TOS_Sounds.h">
      <Filter>TheOtherSideMP\Helpers</Filter>
    </ClInclude>
    <ClInclude Include="TheOtherSideMP\Helpers\TOS_STL.h">
      <Filter>TheOtherSideMP\Helpers</Filter>
    </ClInclude>
    <ClInclude Include="TheOtherSideMP\Helpers\TOS_Vehicle.h">
      <Filter>TheOtherSideMP\Helpers</Filter>
    </ClInclude>
    <ClInclude Include="TheOtherSideMP\Game\TOSGame.h">
      <Filter>TheOtherSideMP\Game</Filter>
    </ClInclude>
    <ClInclude Include="TheOtherSideMP\Game\TOSGameCvars.h">
      <Filter>TheOtherSideMP\Game</Filter>
    </ClInclude>
    <ClInclude Include="TheOtherSideMP\Game\Modules\ITOSGameModule.h">
      <Filter>TheOtherSideMP\Game\Modules</Filter>
    </ClInclude>
    <ClInclude Include="TheOtherSideMP\Actors\TOSActor.h">
      <Filter>TheOtherSideMP\Actors</Filter>
    </ClInclude>
    <ClInclude Include="TheOtherSideMP\Actors\Player\TOSPlayer.h">
      <Filter>TheOtherSideMP\Actors\player</Filter>
    </ClInclude>
    <ClInclude Include="TheOtherSideMP\Actors\Aliens\TOSAlien.h">
      <Filter>TheOtherSideMP\Actors\aliens</Filter>
    </ClInclude>
    <ClInclude Include="TheOtherSideMP\Actors\Aliens\TOSTrooper.h">
      <Filter>TheOtherSideMP\Actors\aliens</Filter>
    </ClInclude>
    <ClInclude Include="TheOtherSideMP\Game\Modules\GenericSynchronizer.h">
      <Filter>TheOtherSideMP\Game\Modules</Filter>
    </ClInclude>
    <ClInclude Include="TheOtherSideMP\Game\Modules\Master\MasterClient.h">
      <Filter>TheOtherSideMP\Game\Modules\Master</Filter>
    </ClInclude>
    <ClInclude Include="TheOtherSideMP\Game\Modules\Master\MasterModule.h">
      <Filter>TheOtherSideMP\Game\Modules\Master</Filter>
    </ClInclude>
    <ClInclude Include="TheOtherSideMP\Game\Modules\Master\MasterSynchronizer.h">
      <Filter>TheOtherSideMP\Game\Modules\Master</Filter>
    </ClInclude>
    <ClInclude Include="TheOtherSideMP\Game\Modules\GenericModule.h">
      <Filter>TheOtherSideMP\Game\Modules</Filter>
    </ClInclude>
    <ClInclude Include="TheOtherSideMP\Control\ControlSystem.h">
      <Filter>TheOtherSideMP\Control_Old</Filter>
    </ClInclude>
    <ClInclude Include="TheOtherSideMP\Control\IControlSystemChild.h">
      <Filter>TheOtherSideMP\Control_Old</Filter>
    </ClInclude>
    <ClInclude Include="TheOtherSideMP\Game\Modules\Abilities\AbilitiesSystem.h">
      <Filter>TheOtherSideMP\Game\Modules\Abilities</Filter>
    </ClInclude>
    <ClInclude Include="TheOtherSideMP\Game\Modules\Abilities\Ability.h">
      <Filter>TheOtherSideMP\Game\Modules\Abilities</Filter>
    </ClInclude>
    <ClInclude Include="TheOtherSideMP\Game\Modules\Abilities\AbilityOwner.h">
      <Filter>TheOtherSideMP\Game\Modules\Abilities</Filter>
    </ClInclude>
    <ClInclude Include="TheOtherSideMP\Game\Modules\EntitySpawn\EntitySpawnModule.h">
      <Filter>TheOtherSideMP\Game\Modules\EntitySpawn</Filter>
    </ClInclude>
    <ClInclude Include="TheOtherSideMP\Helpers\TOS_Entity.h">
      <Filter>TheOtherSideMP\Helpers</Filter>
    </ClInclude>
    <ClInclude Include="TheOtherSideMP\TOSSmartStruct.h">
      <Filter>TheOtherSideMP</Filter>
    </ClInclude>
    <ClInclude Include="TheOtherSideMP\Helpers\TOS_Cache.h">
      <Filter>TheOtherSideMP\Helpers</Filter>
    </ClInclude>
    <ClInclude Include="TheOtherSideMP\Actors\ITOSMasterControllable.h">
      <Filter>TheOtherSideMP\Actors</Filter>
    </ClInclude>
    <ClInclude Include="TheOtherSideMP\HUD\TOSCrosshair.h">
      <Filter>TheOtherSideMP\HUD</Filter>
    </ClInclude>
    <ClInclude Include="TheOtherSideMP\Helpers\TOS_NET.h">
      <Filter>TheOtherSideMP\Helpers</Filter>
    </ClInclude>
    <ClInclude Include="TheOtherSideMP\Extensions\EnergyConsumer.h">
      <Filter>TheOtherSideMP\Extensions</Filter>
    </ClInclude>
    <ClInclude Include="TheOtherSideMP\Helpers\TOS_Console.h">
      <Filter>TheOtherSideMP\Helpers</Filter>
    </ClInclude>
    <ClInclude Include="TheOtherSideMP\Helpers\TOS_MasterModule.h">
      <Filter>TheOtherSideMP\Helpers</Filter>
    </ClInclude>
    <ClInclude Include="TheOtherSideMP\Actors\Player\TOSGrunt.h">
      <Filter>TheOtherSideMP\Actors\player</Filter>
    </ClInclude>
    <ClInclude Include="TheOtherSideMP\Actors\Player\TOSGruntMovementController.h">
      <Filter>TheOtherSideMP\Actors\player</Filter>
    </ClInclude>
    <ClInclude Include="TheOtherSideMP\Actors\Aliens\TOSAlienMovementController.h">
      <Filter>TheOtherSideMP\Actors\aliens</Filter>
    </ClInclude>
    <ClInclude Include="TheOtherSideMP\Actors\DummyTargetPointVerifier.h">
      <Filter>TheOtherSideMP\Actors</Filter>
    </ClInclude>
    <ClInclude Include="TheOtherSideMP\Game\Modules\Zeus\ZeusModule.h">
      <Filter>TheOtherSideMP\Game\Modules\Zeus</Filter>
    </ClInclude>
    <ClInclude Include="TheOtherSideMP\Helpers\TOS_Screen.h">
      <Filter>TheOtherSideMP\Helpers</Filter>
    </ClInclude>
    <ClInclude Include="TheOtherSideMP\Game\ScriptBinds\ScriptBind_Custom.h">
      <Filter>TheOtherSideMP\Game\ScriptBinds</Filter>
    </ClInclude>
    <ClInclude Include="TheOtherSideMP\Helpers\TOS_Hooks.h">
      <Filter>TheOtherSideMP\Helpers</Filter>
    </ClInclude>
    <ClInclude Include="TheOtherSideMP\Utilities\IndexFinder.h">
      <Filter>TheOtherSideMP\Utilities</Filter>
    </ClInclude>
    <ClInclude Include="CryMP\Library\StringTools.h">
      <Filter>CryMP\Library</Filter>
    </ClInclude>
    <ClInclude Include="CryMP\Library\WinAPI.h">
      <Filter>CryMP\Library</Filter>
    </ClInclude>
    <ClInclude Include="TheOtherSideMP\Utilities\VTables.h">
      <Filter>TheOtherSideMP\Utilities</Filter>
    </ClInclude>
    <ClInclude Include="TheOtherSideMP\Helpers\TOS_Version.h">
      <Filter>TheOtherSideMP\Helpers</Filter>
    </ClInclude>
    <ClInclude Include="StdAfx.h">
      <Filter>GameDLL</Filter>
    </ClInclude>
    <ClInclude Include="FGPS\FGPluginLoader.h">
      <Filter>FGPS</Filter>
    </ClInclude>
    <ClInclude Include="FGPS\PluginCommon.h">
      <Filter>FGPS</Filter>
    </ClInclude>
    <ClInclude Include="TheOtherSideMP\Game\TOSGameEventRecorder.h">
      <Filter>TheOtherSideMP\Game\Events</Filter>
    </ClInclude>
    <ClInclude Include="TheOtherSideMP\Game\Events\ITOSGameEventListener.h">
      <Filter>TheOtherSideMP\Game\Events</Filter>
    </ClInclude>
    <ClInclude Include="TheOtherSideMP\Game\ScriptBinds\ScriptBind_Zeus.h">
      <Filter>TheOtherSideMP\Game\ScriptBinds</Filter>
    </ClInclude>
    <ClInclude Include="TheOtherSideMP\Game\Modules\Zeus\ZeusSynchronizer.h">
      <Filter>TheOtherSideMP\Game\Modules\Zeus</Filter>
    </ClInclude>
    <ClInclude Include="Coop\CoopCutsceneSystem.h">
      <Filter>Coop</Filter>
    </ClInclude>
    <ClInclude Include="Coop\CoopReadability.h">
      <Filter>Coop</Filter>
    </ClInclude>
    <ClInclude Include="Coop\CoopSystem.h">
      <Filter>Coop</Filter>
    </ClInclude>
    <ClInclude Include="Coop\DialogSystem\DialogActorContext.h">
      <Filter>Coop\DialogSystem</Filter>
    </ClInclude>
    <ClInclude Include="Coop\DialogSystem\DialogCommon.h">
      <Filter>Coop\DialogSystem</Filter>
    </ClInclude>
    <ClInclude Include="Coop\DialogSystem\DialogLoader.h">
      <Filter>Coop\DialogSystem</Filter>
    </ClInclude>
    <ClInclude Include="Coop\DialogSystem\DialogLoaderMK2.h">
      <Filter>Coop\DialogSystem</Filter>
    </ClInclude>
    <ClInclude Include="Coop\DialogSystem\DialogScript.h">
      <Filter>Coop\DialogSystem</Filter>
    </ClInclude>
    <ClInclude Include="Coop\DialogSystem\DialogSession.h">
      <Filter>Coop\DialogSystem</Filter>
    </ClInclude>
    <ClInclude Include="Coop\DialogSystem\DialogSystem.h">
      <Filter>Coop\DialogSystem</Filter>
    </ClInclude>
    <ClInclude Include="Coop\Entities\DialogPlayer.h">
      <Filter>Coop\Entities</Filter>
    </ClInclude>
    <ClInclude Include="Coop\Entities\DialogSynchronizer.h">
      <Filter>Coop\Entities</Filter>
    </ClInclude>
    <ClInclude Include="Coop\Entities\EventSynchronizer.h">
      <Filter>Coop\Entities</Filter>
    </ClInclude>
    <ClInclude Include="Coop\Entities\HUDSynchronizer.h">
      <Filter>Coop\Entities</Filter>
    </ClInclude>
    <ClInclude Include="Coop\Entities\SequenceSynchronizer.h">
      <Filter>Coop\Entities</Filter>
    </ClInclude>
    <ClInclude Include="Coop\Sound\CoopSound.h">
      <Filter>Coop\Sound</Filter>
    </ClInclude>
    <ClInclude Include="Coop\Sound\CoopSoundSystem.h">
      <Filter>Coop\Sound</Filter>
    </ClInclude>
    <ClInclude Include="Coop\Utilities\DedicatedServerHackScope.h">
      <Filter>Coop\Utilities</Filter>
    </ClInclude>
    <ClInclude Include="TheOtherSideMP\Actors\Aliens\TOSHunter.h">
      <Filter>TheOtherSideMP\Actors\aliens</Filter>
    </ClInclude>
    <ClInclude Include="TheOtherSideMP\Actors\Aliens\TOSScout.h">
      <Filter>TheOtherSideMP\Actors\aliens</Filter>
    </ClInclude>
    <ClInclude Include="TheOtherSideMP\Actors\Animation\AnimationGraphState.h">
      <Filter>TheOtherSideMP\Actors\animation</Filter>
    </ClInclude>
  </ItemGroup>
  <ItemGroup>
    <None Include="GameActions.actions">
      <Filter>GameDLL\Game Files</Filter>
    </None>
    <None Include="..\Launcher\Cursor_White.cur">
      <Filter>GameDLL\Resources</Filter>
    </None>
    <None Include=".editorconfig">
      <Filter>GameDLL</Filter>
    </None>
  </ItemGroup>
  <ItemGroup>
    <Image Include="Crysis.ico">
      <Filter>GameDLL\Resources</Filter>
    </Image>
    <Image Include="G15\crysis.bmp">
      <Filter>GameDLL\Resources\G15</Filter>
    </Image>
    <Image Include="G15\energy.bmp">
      <Filter>GameDLL\Resources\G15</Filter>
    </Image>
    <Image Include="G15\health.bmp">
      <Filter>GameDLL\Resources\G15</Filter>
    </Image>
    <Image Include="G15\objective.bmp">
      <Filter>GameDLL\Resources\G15</Filter>
    </Image>
    <Image Include="G15\Grenades\explosive.bmp">
      <Filter>GameDLL\Resources\G15\Grenades</Filter>
    </Image>
    <Image Include="G15\Grenades\flashbang.bmp">
      <Filter>GameDLL\Resources\G15\Grenades</Filter>
    </Image>
    <Image Include="G15\Grenades\nano.bmp">
      <Filter>GameDLL\Resources\G15\Grenades</Filter>
    </Image>
    <Image Include="G15\Grenades\select.bmp">
      <Filter>GameDLL\Resources\G15\Grenades</Filter>
    </Image>
    <Image Include="G15\Grenades\smoke.bmp">
      <Filter>GameDLL\Resources\G15\Grenades</Filter>
    </Image>
    <Image Include="G15\Items\ay69.bmp">
      <Filter>GameDLL\Resources\G15\Items</Filter>
    </Image>
    <Image Include="G15\Items\Double_Socom.bmp">
      <Filter>GameDLL\Resources\G15\Items</Filter>
    </Image>
    <Image Include="G15\Items\doubleay69.bmp">
      <Filter>GameDLL\Resources\G15\Items</Filter>
    </Image>
    <Image Include="G15\Items\dsg1.bmp">
      <Filter>GameDLL\Resources\G15\Items</Filter>
    </Image>
    <Image Include="G15\Items\fgl40.bmp">
      <Filter>GameDLL\Resources\G15\Items</Filter>
    </Image>
    <Image Include="G15\Items\fists.bmp">
      <Filter>GameDLL\Resources\G15\Items</Filter>
    </Image>
    <Image Include="G15\Items\fy71.bmp">
      <Filter>GameDLL\Resources\G15\Items</Filter>
    </Image>
    <Image Include="G15\Items\gauss.bmp">
      <Filter>GameDLL\Resources\G15\Items</Filter>
    </Image>
    <Image Include="G15\Items\hurricane.bmp">
      <Filter>GameDLL\Resources\G15\Items</Filter>
    </Image>
    <Image Include="G15\Items\Icon_c4.bmp">
      <Filter>GameDLL\Resources\G15\Items</Filter>
    </Image>
    <Image Include="G15\Items\Icon_claymore.bmp">
      <Filter>GameDLL\Resources\G15\Items</Filter>
    </Image>
    <Image Include="G15\Items\Icon_lockpick.bmp">
      <Filter>GameDLL\Resources\G15\Items</Filter>
    </Image>
    <Image Include="G15\Items\Icon_radar.bmp">
      <Filter>GameDLL\Resources\G15\Items</Filter>
    </Image>
    <Image Include="G15\Items\Icon_repair.bmp">
      <Filter>GameDLL\Resources\G15\Items</Filter>
    </Image>
    <Image Include="G15\Items\law.bmp">
      <Filter>GameDLL\Resources\G15\Items</Filter>
    </Image>
    <Image Include="G15\Items\Lockpick.bmp">
      <Filter>GameDLL\Resources\G15\Items</Filter>
    </Image>
    <Image Include="G15\Items\mine.BMP">
      <Filter>GameDLL\Resources\G15\Items</Filter>
    </Image>
    <Image Include="G15\Items\moac.bmp">
      <Filter>GameDLL\Resources\G15\Items</Filter>
    </Image>
    <Image Include="G15\Items\moar.bmp">
      <Filter>GameDLL\Resources\G15\Items</Filter>
    </Image>
    <Image Include="G15\Items\scar.bmp">
      <Filter>GameDLL\Resources\G15\Items</Filter>
    </Image>
    <Image Include="G15\Items\shotgun.bmp">
      <Filter>GameDLL\Resources\G15\Items</Filter>
    </Image>
    <Image Include="G15\Items\smg.bmp">
      <Filter>GameDLL\Resources\G15\Items</Filter>
    </Image>
    <Image Include="G15\Items\socom.bmp">
      <Filter>GameDLL\Resources\G15\Items</Filter>
    </Image>
    <Image Include="G15\Items\tacgun.bmp">
      <Filter>GameDLL\Resources\G15\Items</Filter>
    </Image>
    <Image Include="G15\Suit\armor20x20.bmp">
      <Filter>GameDLL\Resources\G15\Suit</Filter>
    </Image>
    <Image Include="G15\Suit\cloak20x20.bmp">
      <Filter>GameDLL\Resources\G15\Suit</Filter>
    </Image>
    <Image Include="G15\Suit\speed20x20.bmp">
      <Filter>GameDLL\Resources\G15\Suit</Filter>
    </Image>
    <Image Include="G15\Suit\strength20x20.bmp">
      <Filter>GameDLL\Resources\G15\Suit</Filter>
    </Image>
    <Image Include="G15\Vehicles\asv.bmp">
      <Filter>GameDLL\Resources\G15\Vehicles</Filter>
    </Image>
    <Image Include="G15\Vehicles\light4wd.bmp">
      <Filter>GameDLL\Resources\G15\Vehicles</Filter>
    </Image>
    <Image Include="G15\Vehicles\nkapc.bmp">
      <Filter>GameDLL\Resources\G15\Vehicles</Filter>
    </Image>
    <Image Include="G15\Vehicles\nkhelicopter.bmp">
      <Filter>GameDLL\Resources\G15\Vehicles</Filter>
    </Image>
    <Image Include="G15\Vehicles\nktactank.bmp">
      <Filter>GameDLL\Resources\G15\Vehicles</Filter>
    </Image>
    <Image Include="G15\Vehicles\nktruck.bmp">
      <Filter>GameDLL\Resources\G15\Vehicles</Filter>
    </Image>
    <Image Include="G15\Vehicles\usboat.bmp">
      <Filter>GameDLL\Resources\G15\Vehicles</Filter>
    </Image>
    <Image Include="G15\Vehicles\ustank.bmp">
      <Filter>GameDLL\Resources\G15\Vehicles</Filter>
    </Image>
  </ItemGroup>
  <ItemGroup>
    <ResourceCompile Include="GameDll.rc">
      <Filter>GameDLL\Resources</Filter>
    </ResourceCompile>
  </ItemGroup>
  <ItemGroup>
    <CustomBuild Include="Alien.h">
      <Filter>GameDLL\Actor Files\aliens</Filter>
    </CustomBuild>
  </ItemGroup>
</Project>